// !$*UTF8*$!
{
	archiveVersion = 1;
	classes = {
	};
	objectVersion = 46;
	objects = {

/* Begin PBXBuildFile section */
		08110C3219C2435900708A7C /* AppDelegate.swift in Sources */ = {isa = PBXBuildFile; fileRef = 08110C3119C2435900708A7C /* AppDelegate.swift */; };
		08110C3419C2435900708A7C /* ViewController.swift in Sources */ = {isa = PBXBuildFile; fileRef = 08110C3319C2435900708A7C /* ViewController.swift */; };
		08110C3719C2435900708A7C /* Main.storyboard in Resources */ = {isa = PBXBuildFile; fileRef = 08110C3519C2435900708A7C /* Main.storyboard */; };
		08110C3919C2435900708A7C /* Images.xcassets in Resources */ = {isa = PBXBuildFile; fileRef = 08110C3819C2435900708A7C /* Images.xcassets */; };
		08110C3C19C2435900708A7C /* LaunchScreen.xib in Resources */ = {isa = PBXBuildFile; fileRef = 08110C3A19C2435900708A7C /* LaunchScreen.xib */; };
		08110C4819C2435900708A7C /* PostcardTests.swift in Sources */ = {isa = PBXBuildFile; fileRef = 08110C4719C2435900708A7C /* PostcardTests.swift */; };
/* End PBXBuildFile section */

/* Begin PBXContainerItemProxy section */
		08110C4219C2435900708A7C /* PBXContainerItemProxy */ = {
			isa = PBXContainerItemProxy;
			containerPortal = 08110C2419C2435900708A7C /* Project object */;
			proxyType = 1;
			remoteGlobalIDString = 08110C2B19C2435900708A7C;
			remoteInfo = Postcard;
		};
/* End PBXContainerItemProxy section */

/* Begin PBXFileReference section */
		08110C2C19C2435900708A7C /* Postcard.app */ = {isa = PBXFileReference; explicitFileType = wrapper.application; includeInIndex = 0; path = Postcard.app; sourceTree = BUILT_PRODUCTS_DIR; };
		08110C3019C2435900708A7C /* Info.plist */ = {isa = PBXFileReference; lastKnownFileType = text.plist.xml; path = Info.plist; sourceTree = "<group>"; };
		08110C3119C2435900708A7C /* AppDelegate.swift */ = {isa = PBXFileReference; lastKnownFileType = sourcecode.swift; path = AppDelegate.swift; sourceTree = "<group>"; };
		08110C3319C2435900708A7C /* ViewController.swift */ = {isa = PBXFileReference; lastKnownFileType = sourcecode.swift; path = ViewController.swift; sourceTree = "<group>"; };
		08110C3619C2435900708A7C /* Base */ = {isa = PBXFileReference; lastKnownFileType = file.storyboard; name = Base; path = Base.lproj/Main.storyboard; sourceTree = "<group>"; };
		08110C3819C2435900708A7C /* Images.xcassets */ = {isa = PBXFileReference; lastKnownFileType = folder.assetcatalog; path = Images.xcassets; sourceTree = "<group>"; };
		08110C3B19C2435900708A7C /* Base */ = {isa = PBXFileReference; lastKnownFileType = file.xib; name = Base; path = Base.lproj/LaunchScreen.xib; sourceTree = "<group>"; };
		08110C4119C2435900708A7C /* PostcardTests.xctest */ = {isa = PBXFileReference; explicitFileType = wrapper.cfbundle; includeInIndex = 0; path = PostcardTests.xctest; sourceTree = BUILT_PRODUCTS_DIR; };
		08110C4619C2435900708A7C /* Info.plist */ = {isa = PBXFileReference; lastKnownFileType = text.plist.xml; path = Info.plist; sourceTree = "<group>"; };
		08110C4719C2435900708A7C /* PostcardTests.swift */ = {isa = PBXFileReference; lastKnownFileType = sourcecode.swift; path = PostcardTests.swift; sourceTree = "<group>"; };
/* End PBXFileReference section */

/* Begin PBXFrameworksBuildPhase section */
		08110C2919C2435900708A7C /* Frameworks */ = {
			isa = PBXFrameworksBuildPhase;
			buildActionMask = 2147483647;
			files = (
			);
			runOnlyForDeploymentPostprocessing = 0;
		};
		08110C3E19C2435900708A7C /* Frameworks */ = {
			isa = PBXFrameworksBuildPhase;
			buildActionMask = 2147483647;
			files = (
			);
			runOnlyForDeploymentPostprocessing = 0;
		};
/* End PBXFrameworksBuildPhase section */

/* Begin PBXGroup section */
		08110C2319C2435900708A7C = {
			isa = PBXGroup;
			children = (
				08110C2E19C2435900708A7C /* Postcard */,
				08110C4419C2435900708A7C /* PostcardTests */,
				08110C2D19C2435900708A7C /* Products */,
			);
			sourceTree = "<group>";
		};
		08110C2D19C2435900708A7C /* Products */ = {
			isa = PBXGroup;
			children = (
				08110C2C19C2435900708A7C /* Postcard.app */,
				08110C4119C2435900708A7C /* PostcardTests.xctest */,
			);
			name = Products;
			sourceTree = "<group>";
		};
		08110C2E19C2435900708A7C /* Postcard */ = {
			isa = PBXGroup;
			children = (
				08110C3119C2435900708A7C /* AppDelegate.swift */,
				08110C3319C2435900708A7C /* ViewController.swift */,
				08110C3519C2435900708A7C /* Main.storyboard */,
				08110C3819C2435900708A7C /* Images.xcassets */,
				08110C3A19C2435900708A7C /* LaunchScreen.xib */,
				08110C2F19C2435900708A7C /* Supporting Files */,
			);
			path = Postcard;
			sourceTree = "<group>";
		};
		08110C2F19C2435900708A7C /* Supporting Files */ = {
			isa = PBXGroup;
			children = (
				08110C3019C2435900708A7C /* Info.plist */,
			);
			name = "Supporting Files";
			sourceTree = "<group>";
		};
		08110C4419C2435900708A7C /* PostcardTests */ = {
			isa = PBXGroup;
			children = (
				08110C4719C2435900708A7C /* PostcardTests.swift */,
				08110C4519C2435900708A7C /* Supporting Files */,
			);
			path = PostcardTests;
			sourceTree = "<group>";
		};
		08110C4519C2435900708A7C /* Supporting Files */ = {
			isa = PBXGroup;
			children = (
				08110C4619C2435900708A7C /* Info.plist */,
			);
			name = "Supporting Files";
			sourceTree = "<group>";
		};
/* End PBXGroup section */

/* Begin PBXNativeTarget section */
		08110C2B19C2435900708A7C /* Postcard */ = {
			isa = PBXNativeTarget;
			buildConfigurationList = 08110C4B19C2435900708A7C /* Build configuration list for PBXNativeTarget "Postcard" */;
			buildPhases = (
				08110C2819C2435900708A7C /* Sources */,
				08110C2919C2435900708A7C /* Frameworks */,
				08110C2A19C2435900708A7C /* Resources */,
			);
			buildRules = (
			);
			dependencies = (
			);
			name = Postcard;
			productName = Postcard;
			productReference = 08110C2C19C2435900708A7C /* Postcard.app */;
			productType = "com.apple.product-type.application";
		};
		08110C4019C2435900708A7C /* PostcardTests */ = {
			isa = PBXNativeTarget;
			buildConfigurationList = 08110C4E19C2435900708A7C /* Build configuration list for PBXNativeTarget "PostcardTests" */;
			buildPhases = (
				08110C3D19C2435900708A7C /* Sources */,
				08110C3E19C2435900708A7C /* Frameworks */,
				08110C3F19C2435900708A7C /* Resources */,
			);
			buildRules = (
			);
			dependencies = (
				08110C4319C2435900708A7C /* PBXTargetDependency */,
			);
			name = PostcardTests;
			productName = PostcardTests;
			productReference = 08110C4119C2435900708A7C /* PostcardTests.xctest */;
			productType = "com.apple.product-type.bundle.unit-test";
		};
/* End PBXNativeTarget section */

/* Begin PBXProject section */
		08110C2419C2435900708A7C /* Project object */ = {
			isa = PBXProject;
			attributes = {
				LastUpgradeCheck = 0600;
				ORGANIZATIONNAME = "Graham Ashford";
				TargetAttributes = {
					08110C2B19C2435900708A7C = {
						CreatedOnToolsVersion = 6.0;
					};
					08110C4019C2435900708A7C = {
						CreatedOnToolsVersion = 6.0;
						TestTargetID = 08110C2B19C2435900708A7C;
					};
				};
			};
			buildConfigurationList = 08110C2719C2435900708A7C /* Build configuration list for PBXProject "Postcard" */;
			compatibilityVersion = "Xcode 3.2";
			developmentRegion = English;
			hasScannedForEncodings = 0;
			knownRegions = (
				en,
				Base,
			);
			mainGroup = 08110C2319C2435900708A7C;
			productRefGroup = 08110C2D19C2435900708A7C /* Products */;
			projectDirPath = "";
			projectRoot = "";
			targets = (
				08110C2B19C2435900708A7C /* Postcard */,
				08110C4019C2435900708A7C /* PostcardTests */,
			);
		};
/* End PBXProject section */

/* Begin PBXResourcesBuildPhase section */
		08110C2A19C2435900708A7C /* Resources */ = {
			isa = PBXResourcesBuildPhase;
			buildActionMask = 2147483647;
			files = (
				08110C3719C2435900708A7C /* Main.storyboard in Resources */,
				08110C3C19C2435900708A7C /* LaunchScreen.xib in Resources */,
				08110C3919C2435900708A7C /* Images.xcassets in Resources */,
			);
			runOnlyForDeploymentPostprocessing = 0;
		};
		08110C3F19C2435900708A7C /* Resources */ = {
			isa = PBXResourcesBuildPhase;
			buildActionMask = 2147483647;
			files = (
			);
			runOnlyForDeploymentPostprocessing = 0;
		};
/* End PBXResourcesBuildPhase section */

/* Begin PBXSourcesBuildPhase section */
		08110C2819C2435900708A7C /* Sources */ = {
			isa = PBXSourcesBuildPhase;
			buildActionMask = 2147483647;
			files = (
				08110C3419C2435900708A7C /* ViewController.swift in Sources */,
				08110C3219C2435900708A7C /* AppDelegate.swift in Sources */,
			);
			runOnlyForDeploymentPostprocessing = 0;
		};
		08110C3D19C2435900708A7C /* Sources */ = {
			isa = PBXSourcesBuildPhase;
			buildActionMask = 2147483647;
			files = (
				08110C4819C2435900708A7C /* PostcardTests.swift in Sources */,
			);
			runOnlyForDeploymentPostprocessing = 0;
		};
/* End PBXSourcesBuildPhase section */

/* Begin PBXTargetDependency section */
		08110C4319C2435900708A7C /* PBXTargetDependency */ = {
			isa = PBXTargetDependency;
			target = 08110C2B19C2435900708A7C /* Postcard */;
			targetProxy = 08110C4219C2435900708A7C /* PBXContainerItemProxy */;
		};
/* End PBXTargetDependency section */

/* Begin PBXVariantGroup section */
		08110C3519C2435900708A7C /* Main.storyboard */ = {
			isa = PBXVariantGroup;
			children = (
				08110C3619C2435900708A7C /* Base */,
			);
			name = Main.storyboard;
			sourceTree = "<group>";
		};
		08110C3A19C2435900708A7C /* LaunchScreen.xib */ = {
			isa = PBXVariantGroup;
			children = (
				08110C3B19C2435900708A7C /* Base */,
			);
			name = LaunchScreen.xib;
			sourceTree = "<group>";
		};
/* End PBXVariantGroup section */

/* Begin XCBuildConfiguration section */
		08110C4919C2435900708A7C /* Debug */ = {
			isa = XCBuildConfiguration;
			buildSettings = {
				ALWAYS_SEARCH_USER_PATHS = NO;
				CLANG_CXX_LANGUAGE_STANDARD = "gnu++0x";
				CLANG_CXX_LIBRARY = "libc++";
				CLANG_ENABLE_MODULES = YES;
				CLANG_ENABLE_OBJC_ARC = YES;
				CLANG_WARN_BOOL_CONVERSION = YES;
				CLANG_WARN_CONSTANT_CONVERSION = YES;
				CLANG_WARN_DIRECT_OBJC_ISA_USAGE = YES_ERROR;
				CLANG_WARN_EMPTY_BODY = YES;
				CLANG_WARN_ENUM_CONVERSION = YES;
				CLANG_WARN_INT_CONVERSION = YES;
				CLANG_WARN_OBJC_ROOT_CLASS = YES_ERROR;
				CLANG_WARN_UNREACHABLE_CODE = YES;
				CLANG_WARN__DUPLICATE_METHOD_MATCH = YES;
				"CODE_SIGN_IDENTITY[sdk=iphoneos*]" = "iPhone Developer";
				COPY_PHASE_STRIP = NO;
				ENABLE_STRICT_OBJC_MSGSEND = YES;
				GCC_C_LANGUAGE_STANDARD = gnu99;
				GCC_DYNAMIC_NO_PIC = NO;
				GCC_OPTIMIZATION_LEVEL = 0;
				GCC_PREPROCESSOR_DEFINITIONS = (
					"DEBUG=1",
					"$(inherited)",
				);
				GCC_SYMBOLS_PRIVATE_EXTERN = NO;
				GCC_WARN_64_TO_32_BIT_CONVERSION = YES;
				GCC_WARN_ABOUT_RETURN_TYPE = YES_ERROR;
				GCC_WARN_UNDECLARED_SELECTOR = YES;
				GCC_WARN_UNINITIALIZED_AUTOS = YES_AGGRESSIVE;
				GCC_WARN_UNUSED_FUNCTION = YES;
				GCC_WARN_UNUSED_VARIABLE = YES;
				IPHONEOS_DEPLOYMENT_TARGET = 8.0;
				MTL_ENABLE_DEBUG_INFO = YES;
				ONLY_ACTIVE_ARCH = YES;
				SDKROOT = iphoneos;
				SWIFT_OPTIMIZATION_LEVEL = "-Onone";
			};
			name = Debug;
		};
		08110C4A19C2435900708A7C /* Release */ = {
			isa = XCBuildConfiguration;
			buildSettings = {
				ALWAYS_SEARCH_USER_PATHS = NO;
				CLANG_CXX_LANGUAGE_STANDARD = "gnu++0x";
				CLANG_CXX_LIBRARY = "libc++";
				CLANG_ENABLE_MODULES = YES;
				CLANG_ENABLE_OBJC_ARC = YES;
				CLANG_WARN_BOOL_CONVERSION = YES;
				CLANG_WARN_CONSTANT_CONVERSION = YES;
				CLANG_WARN_DIRECT_OBJC_ISA_USAGE = YES_ERROR;
				CLANG_WARN_EMPTY_BODY = YES;
				CLANG_WARN_ENUM_CONVERSION = YES;
				CLANG_WARN_INT_CONVERSION = YES;
				CLANG_WARN_OBJC_ROOT_CLASS = YES_ERROR;
				CLANG_WARN_UNREACHABLE_CODE = YES;
				CLANG_WARN__DUPLICATE_METHOD_MATCH = YES;
				"CODE_SIGN_IDENTITY[sdk=iphoneos*]" = "iPhone Developer";
				COPY_PHASE_STRIP = YES;
				ENABLE_NS_ASSERTIONS = NO;
				ENABLE_STRICT_OBJC_MSGSEND = YES;
				GCC_C_LANGUAGE_STANDARD = gnu99;
				GCC_WARN_64_TO_32_BIT_CONVERSION = YES;
				GCC_WARN_ABOUT_RETURN_TYPE = YES_ERROR;
				GCC_WARN_UNDECLARED_SELECTOR = YES;
				GCC_WARN_UNINITIALIZED_AUTOS = YES_AGGRESSIVE;
				GCC_WARN_UNUSED_FUNCTION = YES;
				GCC_WARN_UNUSED_VARIABLE = YES;
				IPHONEOS_DEPLOYMENT_TARGET = 8.0;
				MTL_ENABLE_DEBUG_INFO = NO;
				SDKROOT = iphoneos;
				VALIDATE_PRODUCT = YES;
			};
			name = Release;
		};
		08110C4C19C2435900708A7C /* Debug */ = {
			isa = XCBuildConfiguration;
			buildSettings = {
				ASSETCATALOG_COMPILER_APPICON_NAME = AppIcon;
				INFOPLIST_FILE = Postcard/Info.plist;
				LD_RUNPATH_SEARCH_PATHS = "$(inherited) @executable_path/Frameworks";
				PRODUCT_NAME = "$(TARGET_NAME)";
			};
			name = Debug;
		};
		08110C4D19C2435900708A7C /* Release */ = {
			isa = XCBuildConfiguration;
			buildSettings = {
				ASSETCATALOG_COMPILER_APPICON_NAME = AppIcon;
				INFOPLIST_FILE = Postcard/Info.plist;
				LD_RUNPATH_SEARCH_PATHS = "$(inherited) @executable_path/Frameworks";
				PRODUCT_NAME = "$(TARGET_NAME)";
			};
			name = Release;
		};
		08110C4F19C2435900708A7C /* Debug */ = {
			isa = XCBuildConfiguration;
			buildSettings = {
				BUNDLE_LOADER = "$(TEST_HOST)";
				FRAMEWORK_SEARCH_PATHS = (
					"$(SDKROOT)/Developer/Library/Frameworks",
					"$(inherited)",
				);
				GCC_PREPROCESSOR_DEFINITIONS = (
					"DEBUG=1",
					"$(inherited)",
				);
				INFOPLIST_FILE = PostcardTests/Info.plist;
				LD_RUNPATH_SEARCH_PATHS = "$(inherited) @executable_path/Frameworks @loader_path/Frameworks";
				PRODUCT_NAME = "$(TARGET_NAME)";
				TEST_HOST = "$(BUILT_PRODUCTS_DIR)/Postcard.app/Postcard";
			};
			name = Debug;
		};
		08110C5019C2435900708A7C /* Release */ = {
			isa = XCBuildConfiguration;
			buildSettings = {
				BUNDLE_LOADER = "$(TEST_HOST)";
				FRAMEWORK_SEARCH_PATHS = (
					"$(SDKROOT)/Developer/Library/Frameworks",
					"$(inherited)",
				);
				INFOPLIST_FILE = PostcardTests/Info.plist;
				LD_RUNPATH_SEARCH_PATHS = "$(inherited) @executable_path/Frameworks @loader_path/Frameworks";
				PRODUCT_NAME = "$(TARGET_NAME)";
				TEST_HOST = "$(BUILT_PRODUCTS_DIR)/Postcard.app/Postcard";
			};
			name = Release;
		};
/* End XCBuildConfiguration section */

/* Begin XCConfigurationList section */
		08110C2719C2435900708A7C /* Build configuration list for PBXProject "Postcard" */ = {
			isa = XCConfigurationList;
			buildConfigurations = (
				08110C4919C2435900708A7C /* Debug */,
				08110C4A19C2435900708A7C /* Release */,
			);
			defaultConfigurationIsVisible = 0;
			defaultConfigurationName = Release;
		};
		08110C4B19C2435900708A7C /* Build configuration list for PBXNativeTarget "Postcard" */ = {
			isa = XCConfigurationList;
			buildConfigurations = (
				08110C4C19C2435900708A7C /* Debug */,
				08110C4D19C2435900708A7C /* Release */,
			);
			defaultConfigurationIsVisible = 0;
		};
		08110C4E19C2435900708A7C /* Build configuration list for PBXNativeTarget "PostcardTests" */ = {
			isa = XCConfigurationList;
			buildConfigurations = (
				08110C4F19C2435900708A7C /* Debug */,
				08110C5019C2435900708A7C /* Release */,
			);
			defaultConfigurationIsVisible = 0;
		};
/* End XCConfigurationList section */
	};
	rootObject = 08110C2419C2435900708A7C /* Project object */;
}
